
Microsoft Visual Studio Solution File, Format Version 12.00
# Visual Studio Version 16
VisualStudioVersion = 16.0.29709.97
MinimumVisualStudioVersion = 10.0.40219.1
Project("{FAE04EC0-301F-11D3-BF4B-00C04F79EFBC}") = "BeyondBalanceCMS", "BeyondBalanceCMS\BeyondBalanceCMS.csproj", "{1DFFC669-2B40-414D-B67D-DB35403D9E1F}"
EndProject
Global
	GlobalSection(SolutionConfigurationPlatforms) = preSolution
		Debug|Any CPU = Debug|Any CPU
		Release|Any CPU = Release|Any CPU
	EndGlobalSection
	GlobalSection(ProjectConfigurationPlatforms) = postSolution
		{1DFFC669-2B40-414D-B67D-DB35403D9E1F}.Debug|Any CPU.ActiveCfg = Debug|Any CPU
		{1DFFC669-2B40-414D-B67D-DB35403D9E1F}.Debug|Any CPU.Build.0 = Debug|Any CPU
		{1DFFC669-2B40-414D-B67D-DB35403D9E1F}.Release|Any CPU.ActiveCfg = Release|Any CPU
		{1DFFC669-2B40-414D-B67D-DB35403D9E1F}.Release|Any CPU.Build.0 = Release|Any CPU
	EndGlobalSection
	GlobalSection(SolutionProperties) = preSolution
		HideSolutionNode = FALSE
	EndGlobalSection
	GlobalSection(ExtensibilityGlobals) = postSolution
		SolutionGuid = {CB012EFD-58A6-44C1-AADF-55EE5C0D8A3B}
	EndGlobalSection
EndGlobal
